// !$*UTF8*$!
{
	archiveVersion = 1;
	classes = {
	};
	objectVersion = 55;
	objects = {

/* Begin PBXBuildFile section */
		CE733BC827330D4700AB0086 /* TaskListCellView.swift in Sources */ = {isa = PBXBuildFile; fileRef = CE733BC727330D4700AB0086 /* TaskListCellView.swift */; };
		CE751E3927280BAA009C8875 /* TaskerApp.swift in Sources */ = {isa = PBXBuildFile; fileRef = CE751E3827280BAA009C8875 /* TaskerApp.swift */; };
		CE751E3B27280BAA009C8875 /* ProjectListView.swift in Sources */ = {isa = PBXBuildFile; fileRef = CE751E3A27280BAA009C8875 /* ProjectListView.swift */; };
		CE751E3D27280BB1009C8875 /* Assets.xcassets in Resources */ = {isa = PBXBuildFile; fileRef = CE751E3C27280BB1009C8875 /* Assets.xcassets */; };
		CE751E4027280BB1009C8875 /* Preview Assets.xcassets in Resources */ = {isa = PBXBuildFile; fileRef = CE751E3F27280BB1009C8875 /* Preview Assets.xcassets */; };
		CE751E4A27280C24009C8875 /* Project.swift in Sources */ = {isa = PBXBuildFile; fileRef = CE751E4927280C24009C8875 /* Project.swift */; };
		CE751E4C27280CB6009C8875 /* Person.swift in Sources */ = {isa = PBXBuildFile; fileRef = CE751E4B27280CB6009C8875 /* Person.swift */; };
		CE751E4E27280D2C009C8875 /* ProjectTask.swift in Sources */ = {isa = PBXBuildFile; fileRef = CE751E4D27280D2C009C8875 /* ProjectTask.swift */; };
		CE751E5027280E77009C8875 /* SampleData.swift in Sources */ = {isa = PBXBuildFile; fileRef = CE751E4F27280E77009C8875 /* SampleData.swift */; };
		CE751E5227281F02009C8875 /* ProgressCircle.swift in Sources */ = {isa = PBXBuildFile; fileRef = CE751E5127281F01009C8875 /* ProgressCircle.swift */; };
		CE751E54272822D4009C8875 /* TaskListView.swift in Sources */ = {isa = PBXBuildFile; fileRef = CE751E53272822D4009C8875 /* TaskListView.swift */; };
		CE85918C272833D200878AAA /* TaskDetailView.swift in Sources */ = {isa = PBXBuildFile; fileRef = CE85918B272833D200878AAA /* TaskDetailView.swift */; };
		CE85919027283BEE00878AAA /* ProjectStore.swift in Sources */ = {isa = PBXBuildFile; fileRef = CE85918F27283BEE00878AAA /* ProjectStore.swift */; };
		CE85919227283FCF00878AAA /* NewProjectView.swift in Sources */ = {isa = PBXBuildFile; fileRef = CE85919127283FCF00878AAA /* NewProjectView.swift */; };
		CE8591972728AD4900878AAA /* FirebaseAuth in Frameworks */ = {isa = PBXBuildFile; productRef = CE8591962728AD4900878AAA /* FirebaseAuth */; };
		CE8591992728AD4900878AAA /* FirebaseFirestore in Frameworks */ = {isa = PBXBuildFile; productRef = CE8591982728AD4900878AAA /* FirebaseFirestore */; };
		CE85919B2728AD4900878AAA /* FirebaseFirestoreSwift-Beta in Frameworks */ = {isa = PBXBuildFile; productRef = CE85919A2728AD4900878AAA /* FirebaseFirestoreSwift-Beta */; };
		CE85919D2728AE7F00878AAA /* GoogleService-Info.plist in Resources */ = {isa = PBXBuildFile; fileRef = CE85919C2728AE7E00878AAA /* GoogleService-Info.plist */; };
		CE85919F2728B24700878AAA /* ProjectViewModel.swift in Sources */ = {isa = PBXBuildFile; fileRef = CE85919E2728B24700878AAA /* ProjectViewModel.swift */; };
		CE8591A52729856600878AAA /* NewTaskView.swift in Sources */ = {isa = PBXBuildFile; fileRef = CE8591A42729856600878AAA /* NewTaskView.swift */; };
/* End PBXBuildFile section */

/* Begin PBXFileReference section */
		CE733BC727330D4700AB0086 /* TaskListCellView.swift */ = {isa = PBXFileReference; lastKnownFileType = sourcecode.swift; path = TaskListCellView.swift; sourceTree = "<group>"; };
		CE751E3527280BAA009C8875 /* Tasker.app */ = {isa = PBXFileReference; explicitFileType = wrapper.application; includeInIndex = 0; path = Tasker.app; sourceTree = BUILT_PRODUCTS_DIR; };
		CE751E3827280BAA009C8875 /* TaskerApp.swift */ = {isa = PBXFileReference; lastKnownFileType = sourcecode.swift; path = TaskerApp.swift; sourceTree = "<group>"; };
		CE751E3A27280BAA009C8875 /* ProjectListView.swift */ = {isa = PBXFileReference; lastKnownFileType = sourcecode.swift; path = ProjectListView.swift; sourceTree = "<group>"; };
		CE751E3C27280BB1009C8875 /* Assets.xcassets */ = {isa = PBXFileReference; lastKnownFileType = folder.assetcatalog; path = Assets.xcassets; sourceTree = "<group>"; };
		CE751E3F27280BB1009C8875 /* Preview Assets.xcassets */ = {isa = PBXFileReference; lastKnownFileType = folder.assetcatalog; path = "Preview Assets.xcassets"; sourceTree = "<group>"; };
		CE751E4927280C24009C8875 /* Project.swift */ = {isa = PBXFileReference; lastKnownFileType = sourcecode.swift; path = Project.swift; sourceTree = "<group>"; };
		CE751E4B27280CB6009C8875 /* Person.swift */ = {isa = PBXFileReference; lastKnownFileType = sourcecode.swift; path = Person.swift; sourceTree = "<group>"; };
		CE751E4D27280D2C009C8875 /* ProjectTask.swift */ = {isa = PBXFileReference; lastKnownFileType = sourcecode.swift; path = ProjectTask.swift; sourceTree = "<group>"; };
		CE751E4F27280E77009C8875 /* SampleData.swift */ = {isa = PBXFileReference; lastKnownFileType = sourcecode.swift; path = SampleData.swift; sourceTree = "<group>"; };
		CE751E5127281F01009C8875 /* ProgressCircle.swift */ = {isa = PBXFileReference; lastKnownFileType = sourcecode.swift; path = ProgressCircle.swift; sourceTree = "<group>"; };
		CE751E53272822D4009C8875 /* TaskListView.swift */ = {isa = PBXFileReference; lastKnownFileType = sourcecode.swift; path = TaskListView.swift; sourceTree = "<group>"; };
		CE85918B272833D200878AAA /* TaskDetailView.swift */ = {isa = PBXFileReference; lastKnownFileType = sourcecode.swift; path = TaskDetailView.swift; sourceTree = "<group>"; };
		CE85918F27283BEE00878AAA /* ProjectStore.swift */ = {isa = PBXFileReference; lastKnownFileType = sourcecode.swift; path = ProjectStore.swift; sourceTree = "<group>"; };
		CE85919127283FCF00878AAA /* NewProjectView.swift */ = {isa = PBXFileReference; lastKnownFileType = sourcecode.swift; path = NewProjectView.swift; sourceTree = "<group>"; };
		CE85919C2728AE7E00878AAA /* GoogleService-Info.plist */ = {isa = PBXFileReference; fileEncoding = 4; lastKnownFileType = text.plist.xml; path = "GoogleService-Info.plist"; sourceTree = "<group>"; };
		CE85919E2728B24700878AAA /* ProjectViewModel.swift */ = {isa = PBXFileReference; lastKnownFileType = sourcecode.swift; path = ProjectViewModel.swift; sourceTree = "<group>"; };
		CE8591A42729856600878AAA /* NewTaskView.swift */ = {isa = PBXFileReference; lastKnownFileType = sourcecode.swift; path = NewTaskView.swift; sourceTree = "<group>"; };
/* End PBXFileReference section */

/* Begin PBXFrameworksBuildPhase section */
		CE751E3227280BAA009C8875 /* Frameworks */ = {
			isa = PBXFrameworksBuildPhase;
			buildActionMask = 2147483647;
			files = (
				CE85919B2728AD4900878AAA /* FirebaseFirestoreSwift-Beta in Frameworks */,
				CE8591972728AD4900878AAA /* FirebaseAuth in Frameworks */,
				CE8591992728AD4900878AAA /* FirebaseFirestore in Frameworks */,
			);
			runOnlyForDeploymentPostprocessing = 0;
		};
/* End PBXFrameworksBuildPhase section */

/* Begin PBXGroup section */
		CE751E2C27280BAA009C8875 = {
			isa = PBXGroup;
			children = (
				CE751E3727280BAA009C8875 /* Tasker */,
				CE751E3627280BAA009C8875 /* Products */,
			);
			sourceTree = "<group>";
		};
		CE751E3627280BAA009C8875 /* Products */ = {
			isa = PBXGroup;
			children = (
				CE751E3527280BAA009C8875 /* Tasker.app */,
			);
			name = Products;
			sourceTree = "<group>";
		};
		CE751E3727280BAA009C8875 /* Tasker */ = {
			isa = PBXGroup;
			children = (
				CE751E3827280BAA009C8875 /* TaskerApp.swift */,
				CE751E4827280C0B009C8875 /* View Models */,
				CE751E4727280BFA009C8875 /* Models */,
				CE751E4627280BF1009C8875 /* Views */,
				CE751E3C27280BB1009C8875 /* Assets.xcassets */,
				CE85919C2728AE7E00878AAA /* GoogleService-Info.plist */,
				CE751E3E27280BB1009C8875 /* Preview Content */,
			);
			path = Tasker;
			sourceTree = "<group>";
		};
		CE751E3E27280BB1009C8875 /* Preview Content */ = {
			isa = PBXGroup;
			children = (
				CE751E3F27280BB1009C8875 /* Preview Assets.xcassets */,
			);
			path = "Preview Content";
			sourceTree = "<group>";
		};
		CE751E4627280BF1009C8875 /* Views */ = {
			isa = PBXGroup;
			children = (
				CE8591A62729AA2500878AAA /* Project */,
				CE8591A72729AA3700878AAA /* Tasks */,
				CE8591A82729AA4200878AAA /* Helper */,
			);
			path = Views;
			sourceTree = "<group>";
		};
		CE751E4727280BFA009C8875 /* Models */ = {
			isa = PBXGroup;
			children = (
				CE751E4927280C24009C8875 /* Project.swift */,
				CE751E4B27280CB6009C8875 /* Person.swift */,
				CE751E4D27280D2C009C8875 /* ProjectTask.swift */,
				CE751E4F27280E77009C8875 /* SampleData.swift */,
			);
			path = Models;
			sourceTree = "<group>";
		};
		CE751E4827280C0B009C8875 /* View Models */ = {
			isa = PBXGroup;
			children = (
				CE85918F27283BEE00878AAA /* ProjectStore.swift */,
				CE85919E2728B24700878AAA /* ProjectViewModel.swift */,
			);
			path = "View Models";
			sourceTree = "<group>";
		};
		CE8591A62729AA2500878AAA /* Project */ = {
			isa = PBXGroup;
			children = (
				CE751E3A27280BAA009C8875 /* ProjectListView.swift */,
				CE85919127283FCF00878AAA /* NewProjectView.swift */,
			);
			path = Project;
			sourceTree = "<group>";
		};
		CE8591A72729AA3700878AAA /* Tasks */ = {
			isa = PBXGroup;
			children = (
				CE751E53272822D4009C8875 /* TaskListView.swift */,
				CE733BC727330D4700AB0086 /* TaskListCellView.swift */,
				CE8591A42729856600878AAA /* NewTaskView.swift */,
				CE85918B272833D200878AAA /* TaskDetailView.swift */,
			);
			path = Tasks;
			sourceTree = "<group>";
		};
		CE8591A82729AA4200878AAA /* Helper */ = {
			isa = PBXGroup;
			children = (
				CE751E5127281F01009C8875 /* ProgressCircle.swift */,
			);
			path = Helper;
			sourceTree = "<group>";
		};
/* End PBXGroup section */

/* Begin PBXNativeTarget section */
		CE751E3427280BAA009C8875 /* Tasker */ = {
			isa = PBXNativeTarget;
			buildConfigurationList = CE751E4327280BB1009C8875 /* Build configuration list for PBXNativeTarget "Tasker" */;
			buildPhases = (
				CE751E3127280BAA009C8875 /* Sources */,
				CE751E3227280BAA009C8875 /* Frameworks */,
				CE751E3327280BAA009C8875 /* Resources */,
			);
			buildRules = (
			);
			dependencies = (
			);
			name = Tasker;
			packageProductDependencies = (
				CE8591962728AD4900878AAA /* FirebaseAuth */,
				CE8591982728AD4900878AAA /* FirebaseFirestore */,
				CE85919A2728AD4900878AAA /* FirebaseFirestoreSwift-Beta */,
			);
			productName = Tasker;
			productReference = CE751E3527280BAA009C8875 /* Tasker.app */;
			productType = "com.apple.product-type.application";
		};
/* End PBXNativeTarget section */

/* Begin PBXProject section */
		CE751E2D27280BAA009C8875 /* Project object */ = {
			isa = PBXProject;
			attributes = {
				BuildIndependentTargetsInParallel = 1;
				LastSwiftUpdateCheck = 1300;
				LastUpgradeCheck = 1300;
				TargetAttributes = {
					CE751E3427280BAA009C8875 = {
						CreatedOnToolsVersion = 13.0;
					};
				};
			};
			buildConfigurationList = CE751E3027280BAA009C8875 /* Build configuration list for PBXProject "Tasker" */;
			compatibilityVersion = "Xcode 13.0";
			developmentRegion = en;
			hasScannedForEncodings = 0;
			knownRegions = (
				en,
				Base,
			);
			mainGroup = CE751E2C27280BAA009C8875;
			packageReferences = (
				CE8591952728AD4900878AAA /* XCRemoteSwiftPackageReference "firebase-ios-sdk" */,
			);
			productRefGroup = CE751E3627280BAA009C8875 /* Products */;
			projectDirPath = "";
			projectRoot = "";
			targets = (
				CE751E3427280BAA009C8875 /* Tasker */,
			);
		};
/* End PBXProject section */

/* Begin PBXResourcesBuildPhase section */
		CE751E3327280BAA009C8875 /* Resources */ = {
			isa = PBXResourcesBuildPhase;
			buildActionMask = 2147483647;
			files = (
				CE751E4027280BB1009C8875 /* Preview Assets.xcassets in Resources */,
				CE85919D2728AE7F00878AAA /* GoogleService-Info.plist in Resources */,
				CE751E3D27280BB1009C8875 /* Assets.xcassets in Resources */,
			);
			runOnlyForDeploymentPostprocessing = 0;
		};
/* End PBXResourcesBuildPhase section */

/* Begin PBXSourcesBuildPhase section */
		CE751E3127280BAA009C8875 /* Sources */ = {
			isa = PBXSourcesBuildPhase;
			buildActionMask = 2147483647;
			files = (
				CE751E3B27280BAA009C8875 /* ProjectListView.swift in Sources */,
				CE733BC827330D4700AB0086 /* TaskListCellView.swift in Sources */,
				CE85919027283BEE00878AAA /* ProjectStore.swift in Sources */,
				CE751E5027280E77009C8875 /* SampleData.swift in Sources */,
				CE751E3927280BAA009C8875 /* TaskerApp.swift in Sources */,
				CE85919F2728B24700878AAA /* ProjectViewModel.swift in Sources */,
				CE85919227283FCF00878AAA /* NewProjectView.swift in Sources */,
				CE751E4E27280D2C009C8875 /* ProjectTask.swift in Sources */,
				CE8591A52729856600878AAA /* NewTaskView.swift in Sources */,
				CE751E5227281F02009C8875 /* ProgressCircle.swift in Sources */,
				CE751E4C27280CB6009C8875 /* Person.swift in Sources */,
				CE751E4A27280C24009C8875 /* Project.swift in Sources */,
				CE751E54272822D4009C8875 /* TaskListView.swift in Sources */,
				CE85918C272833D200878AAA /* TaskDetailView.swift in Sources */,
			);
			runOnlyForDeploymentPostprocessing = 0;
		};
/* End PBXSourcesBuildPhase section */

/* Begin XCBuildConfiguration section */
		CE751E4127280BB1009C8875 /* Debug */ = {
			isa = XCBuildConfiguration;
			buildSettings = {
				ALWAYS_SEARCH_USER_PATHS = NO;
				CLANG_ANALYZER_NONNULL = YES;
				CLANG_ANALYZER_NUMBER_OBJECT_CONVERSION = YES_AGGRESSIVE;
				CLANG_CXX_LANGUAGE_STANDARD = "gnu++17";
				CLANG_CXX_LIBRARY = "libc++";
				CLANG_ENABLE_MODULES = YES;
				CLANG_ENABLE_OBJC_ARC = YES;
				CLANG_ENABLE_OBJC_WEAK = YES;
				CLANG_WARN_BLOCK_CAPTURE_AUTORELEASING = YES;
				CLANG_WARN_BOOL_CONVERSION = YES;
				CLANG_WARN_COMMA = YES;
				CLANG_WARN_CONSTANT_CONVERSION = YES;
				CLANG_WARN_DEPRECATED_OBJC_IMPLEMENTATIONS = YES;
				CLANG_WARN_DIRECT_OBJC_ISA_USAGE = YES_ERROR;
				CLANG_WARN_DOCUMENTATION_COMMENTS = YES;
				CLANG_WARN_EMPTY_BODY = YES;
				CLANG_WARN_ENUM_CONVERSION = YES;
				CLANG_WARN_INFINITE_RECURSION = YES;
				CLANG_WARN_INT_CONVERSION = YES;
				CLANG_WARN_NON_LITERAL_NULL_CONVERSION = YES;
				CLANG_WARN_OBJC_IMPLICIT_RETAIN_SELF = YES;
				CLANG_WARN_OBJC_LITERAL_CONVERSION = YES;
				CLANG_WARN_OBJC_ROOT_CLASS = YES_ERROR;
				CLANG_WARN_QUOTED_INCLUDE_IN_FRAMEWORK_HEADER = YES;
				CLANG_WARN_RANGE_LOOP_ANALYSIS = YES;
				CLANG_WARN_STRICT_PROTOTYPES = YES;
				CLANG_WARN_SUSPICIOUS_MOVE = YES;
				CLANG_WARN_UNGUARDED_AVAILABILITY = YES_AGGRESSIVE;
				CLANG_WARN_UNREACHABLE_CODE = YES;
				CLANG_WARN__DUPLICATE_METHOD_MATCH = YES;
				COPY_PHASE_STRIP = NO;
				DEBUG_INFORMATION_FORMAT = dwarf;
				ENABLE_STRICT_OBJC_MSGSEND = YES;
				ENABLE_TESTABILITY = YES;
				GCC_C_LANGUAGE_STANDARD = gnu11;
				GCC_DYNAMIC_NO_PIC = NO;
				GCC_NO_COMMON_BLOCKS = YES;
				GCC_OPTIMIZATION_LEVEL = 0;
				GCC_PREPROCESSOR_DEFINITIONS = (
					"DEBUG=1",
					"$(inherited)",
				);
				GCC_WARN_64_TO_32_BIT_CONVERSION = YES;
				GCC_WARN_ABOUT_RETURN_TYPE = YES_ERROR;
				GCC_WARN_UNDECLARED_SELECTOR = YES;
				GCC_WARN_UNINITIALIZED_AUTOS = YES_AGGRESSIVE;
				GCC_WARN_UNUSED_FUNCTION = YES;
				GCC_WARN_UNUSED_VARIABLE = YES;
				IPHONEOS_DEPLOYMENT_TARGET = 15.0;
				MTL_ENABLE_DEBUG_INFO = INCLUDE_SOURCE;
				MTL_FAST_MATH = YES;
				ONLY_ACTIVE_ARCH = YES;
				SDKROOT = iphoneos;
				SWIFT_ACTIVE_COMPILATION_CONDITIONS = DEBUG;
				SWIFT_OPTIMIZATION_LEVEL = "-Onone";
			};
			name = Debug;
		};
		CE751E4227280BB1009C8875 /* Release */ = {
			isa = XCBuildConfiguration;
			buildSettings = {
				ALWAYS_SEARCH_USER_PATHS = NO;
				CLANG_ANALYZER_NONNULL = YES;
				CLANG_ANALYZER_NUMBER_OBJECT_CONVERSION = YES_AGGRESSIVE;
				CLANG_CXX_LANGUAGE_STANDARD = "gnu++17";
				CLANG_CXX_LIBRARY = "libc++";
				CLANG_ENABLE_MODULES = YES;
				CLANG_ENABLE_OBJC_ARC = YES;
				CLANG_ENABLE_OBJC_WEAK = YES;
				CLANG_WARN_BLOCK_CAPTURE_AUTORELEASING = YES;
				CLANG_WARN_BOOL_CONVERSION = YES;
				CLANG_WARN_COMMA = YES;
				CLANG_WARN_CONSTANT_CONVERSION = YES;
				CLANG_WARN_DEPRECATED_OBJC_IMPLEMENTATIONS = YES;
				CLANG_WARN_DIRECT_OBJC_ISA_USAGE = YES_ERROR;
				CLANG_WARN_DOCUMENTATION_COMMENTS = YES;
				CLANG_WARN_EMPTY_BODY = YES;
				CLANG_WARN_ENUM_CONVERSION = YES;
				CLANG_WARN_INFINITE_RECURSION = YES;
				CLANG_WARN_INT_CONVERSION = YES;
				CLANG_WARN_NON_LITERAL_NULL_CONVERSION = YES;
				CLANG_WARN_OBJC_IMPLICIT_RETAIN_SELF = YES;
				CLANG_WARN_OBJC_LITERAL_CONVERSION = YES;
				CLANG_WARN_OBJC_ROOT_CLASS = YES_ERROR;
				CLANG_WARN_QUOTED_INCLUDE_IN_FRAMEWORK_HEADER = YES;
				CLANG_WARN_RANGE_LOOP_ANALYSIS = YES;
				CLANG_WARN_STRICT_PROTOTYPES = YES;
				CLANG_WARN_SUSPICIOUS_MOVE = YES;
				CLANG_WARN_UNGUARDED_AVAILABILITY = YES_AGGRESSIVE;
				CLANG_WARN_UNREACHABLE_CODE = YES;
				CLANG_WARN__DUPLICATE_METHOD_MATCH = YES;
				COPY_PHASE_STRIP = NO;
				DEBUG_INFORMATION_FORMAT = "dwarf-with-dsym";
				ENABLE_NS_ASSERTIONS = NO;
				ENABLE_STRICT_OBJC_MSGSEND = YES;
				GCC_C_LANGUAGE_STANDARD = gnu11;
				GCC_NO_COMMON_BLOCKS = YES;
				GCC_WARN_64_TO_32_BIT_CONVERSION = YES;
				GCC_WARN_ABOUT_RETURN_TYPE = YES_ERROR;
				GCC_WARN_UNDECLARED_SELECTOR = YES;
				GCC_WARN_UNINITIALIZED_AUTOS = YES_AGGRESSIVE;
				GCC_WARN_UNUSED_FUNCTION = YES;
				GCC_WARN_UNUSED_VARIABLE = YES;
				IPHONEOS_DEPLOYMENT_TARGET = 15.0;
				MTL_ENABLE_DEBUG_INFO = NO;
				MTL_FAST_MATH = YES;
				SDKROOT = iphoneos;
				SWIFT_COMPILATION_MODE = wholemodule;
				SWIFT_OPTIMIZATION_LEVEL = "-O";
				VALIDATE_PRODUCT = YES;
			};
			name = Release;
		};
		CE751E4427280BB1009C8875 /* Debug */ = {
			isa = XCBuildConfiguration;
			buildSettings = {
				ASSETCATALOG_COMPILER_APPICON_NAME = AppIcon;
				ASSETCATALOG_COMPILER_GLOBAL_ACCENT_COLOR_NAME = AccentColor;
				CODE_SIGN_STYLE = Automatic;
				CURRENT_PROJECT_VERSION = 1;
				DEVELOPMENT_ASSET_PATHS = "\"Tasker/Preview Content\"";
				DEVELOPMENT_TEAM = SLB347Y94F;
				ENABLE_PREVIEWS = YES;
				GENERATE_INFOPLIST_FILE = YES;
				INFOPLIST_KEY_UIApplicationSceneManifest_Generation = YES;
				INFOPLIST_KEY_UIApplicationSupportsIndirectInputEvents = YES;
				INFOPLIST_KEY_UILaunchScreen_Generation = YES;
				INFOPLIST_KEY_UISupportedInterfaceOrientations_iPad = "UIInterfaceOrientationPortrait UIInterfaceOrientationPortraitUpsideDown UIInterfaceOrientationLandscapeLeft UIInterfaceOrientationLandscapeRight";
				INFOPLIST_KEY_UISupportedInterfaceOrientations_iPhone = "UIInterfaceOrientationPortrait UIInterfaceOrientationLandscapeLeft UIInterfaceOrientationLandscapeRight";
				IPHONEOS_DEPLOYMENT_TARGET = 15.0;
				LD_RUNPATH_SEARCH_PATHS = (
					"$(inherited)",
					"@executable_path/Frameworks",
				);
				MARKETING_VERSION = 1.0;
				PRODUCT_BUNDLE_IDENTIFIER = info.ArthurFord.Tasker;
				PRODUCT_NAME = "$(TARGET_NAME)";
				SWIFT_EMIT_LOC_STRINGS = YES;
				SWIFT_VERSION = 5.0;
				TARGETED_DEVICE_FAMILY = "1,2";
			};
			name = Debug;
		};
		CE751E4527280BB1009C8875 /* Release */ = {
			isa = XCBuildConfiguration;
			buildSettings = {
				ASSETCATALOG_COMPILER_APPICON_NAME = AppIcon;
				ASSETCATALOG_COMPILER_GLOBAL_ACCENT_COLOR_NAME = AccentColor;
				CODE_SIGN_STYLE = Automatic;
				CURRENT_PROJECT_VERSION = 1;
				DEVELOPMENT_ASSET_PATHS = "\"Tasker/Preview Content\"";
				DEVELOPMENT_TEAM = SLB347Y94F;
				ENABLE_PREVIEWS = YES;
				GENERATE_INFOPLIST_FILE = YES;
				INFOPLIST_KEY_UIApplicationSceneManifest_Generation = YES;
				INFOPLIST_KEY_UIApplicationSupportsIndirectInputEvents = YES;
				INFOPLIST_KEY_UILaunchScreen_Generation = YES;
				INFOPLIST_KEY_UISupportedInterfaceOrientations_iPad = "UIInterfaceOrientationPortrait UIInterfaceOrientationPortraitUpsideDown UIInterfaceOrientationLandscapeLeft UIInterfaceOrientationLandscapeRight";
				INFOPLIST_KEY_UISupportedInterfaceOrientations_iPhone = "UIInterfaceOrientationPortrait UIInterfaceOrientationLandscapeLeft UIInterfaceOrientationLandscapeRight";
				IPHONEOS_DEPLOYMENT_TARGET = 15.0;
				LD_RUNPATH_SEARCH_PATHS = (
					"$(inherited)",
					"@executable_path/Frameworks",
				);
				MARKETING_VERSION = 1.0;
				PRODUCT_BUNDLE_IDENTIFIER = info.ArthurFord.Tasker;
				PRODUCT_NAME = "$(TARGET_NAME)";
				SWIFT_EMIT_LOC_STRINGS = YES;
				SWIFT_VERSION = 5.0;
				TARGETED_DEVICE_FAMILY = "1,2";
			};
			name = Release;
		};
/* End XCBuildConfiguration section */

/* Begin XCConfigurationList section */
		CE751E3027280BAA009C8875 /* Build configuration list for PBXProject "Tasker" */ = {
			isa = XCConfigurationList;
			buildConfigurations = (
				CE751E4127280BB1009C8875 /* Debug */,
				CE751E4227280BB1009C8875 /* Release */,
			);
			defaultConfigurationIsVisible = 0;
			defaultConfigurationName = Release;
		};
		CE751E4327280BB1009C8875 /* Build configuration list for PBXNativeTarget "Tasker" */ = {
			isa = XCConfigurationList;
			buildConfigurations = (
				CE751E4427280BB1009C8875 /* Debug */,
				CE751E4527280BB1009C8875 /* Release */,
			);
			defaultConfigurationIsVisible = 0;
			defaultConfigurationName = Release;
		};
/* End XCConfigurationList section */

/* Begin XCRemoteSwiftPackageReference section */
		CE8591952728AD4900878AAA /* XCRemoteSwiftPackageReference "firebase-ios-sdk" */ = {
			isa = XCRemoteSwiftPackageReference;
			repositoryURL = "https://github.com/firebase/firebase-ios-sdk.git";
			requirement = {
				kind = upToNextMajorVersion;
				minimumVersion = 8.0.0;
			};
		};
/* End XCRemoteSwiftPackageReference section */

/* Begin XCSwiftPackageProductDependency section */
		CE8591962728AD4900878AAA /* FirebaseAuth */ = {
			isa = XCSwiftPackageProductDependency;
			package = CE8591952728AD4900878AAA /* XCRemoteSwiftPackageReference "firebase-ios-sdk" */;
			productName = FirebaseAuth;
		};
		CE8591982728AD4900878AAA /* FirebaseFirestore */ = {
			isa = XCSwiftPackageProductDependency;
			package = CE8591952728AD4900878AAA /* XCRemoteSwiftPackageReference "firebase-ios-sdk" */;
			productName = FirebaseFirestore;
		};
		CE85919A2728AD4900878AAA /* FirebaseFirestoreSwift-Beta */ = {
			isa = XCSwiftPackageProductDependency;
			package = CE8591952728AD4900878AAA /* XCRemoteSwiftPackageReference "firebase-ios-sdk" */;
			productName = "FirebaseFirestoreSwift-Beta";
		};
/* End XCSwiftPackageProductDependency section */
	};
	rootObject = CE751E2D27280BAA009C8875 /* Project object */;
}
